
Microsoft Visual Studio Solution File, Format Version 12.00
Project("{FAE04EC0-301F-11D3-BF4B-00C04F79EFBC}") = "NexumDevs.VitalTrek.Platform", "NexumDevs.VitalTrek.Platform\NexumDevs.VitalTrek.Platform.csproj", "{8B748E1F-834F-43DA-B07B-238669EC5036}"
EndProject
Global
	GlobalSection(SolutionConfigurationPlatforms) = preSolution
		Debug|Any CPU = Debug|Any CPU
		Release|Any CPU = Release|Any CPU
	EndGlobalSection
	GlobalSection(ProjectConfigurationPlatforms) = postSolution
		{8B748E1F-834F-43DA-B07B-238669EC5036}.Debug|Any CPU.ActiveCfg = Debug|Any CPU
		{8B748E1F-834F-43DA-B07B-238669EC5036}.Debug|Any CPU.Build.0 = Debug|Any CPU
		{8B748E1F-834F-43DA-B07B-238669EC5036}.Release|Any CPU.ActiveCfg = Release|Any CPU
		{8B748E1F-834F-43DA-B07B-238669EC5036}.Release|Any CPU.Build.0 = Release|Any CPU
	EndGlobalSection
EndGlobal
